{
  "name": "prueba-tecnica",
  "version": "1.0.0",
  "lockfileVersion": 2,
  "requires": true,
  "author": "",
  "description": "",
  "keywords": [],
  "license": "ISC",
  "main": "index.js",
  "packages": {
    "": {
      "name": "prueba-tecnica",
      "version": "1.0.0",
      "license": "ISC",
      "devDependencies": {
        "jest": "^29.3.1",
        "standard": "^17.0.0"
      }
    },
    "node_modules/jest": {
      "version": "29.3.1",
      "integrity": "sha512-6iWfL5DTT0Np6UYs/y5Niu7WIfNv/wRTtN5RSXt2DIEft3dx3zPuw/3WJQBCJfmEzvDiEKwoqMbGD9n49+qLSA==",
      "dev": true,
      "dependencies": {
        "@jest/core": "^29.3.1",
        "@jest/types": "^29.3.1",
        "import-local": "^3.0.2",
        "jest-cli": "^29.3.1"
      },
      "bin": {
        "jest": "bin/jest.js"
      },
      "engines": {
        "node": "^14.15.0 || ^16.10.0 || >=18.0.0"
      },
      "peerDependencies": {
        "node-notifier": "^8.0.1 || ^9.0.0 || ^10.0.0"
      },
      "peerDependenciesMeta": {
        "node-notifier": {
          "optional": true
        }
      }
    },
    "node_modules/standard": {
      "version": "17.0.0",
      "integrity": "sha512-GlCM9nzbLUkr+TYR5I2WQoIah4wHA2lMauqbyPLV/oI5gJxqhHzhjl9EG2N0lr/nRqI3KCbCvm/W3smxvLaChA==",
      "dev": true,
      "funding": [
        {
          "type": "github",
          "url": "https://github.com/sponsors/feross"
        },
        {
          "type": "patreon",
          "url": "https://www.patreon.com/feross"
        },
        {
          "type": "consulting",
          "url": "https://feross.org/support"
        }
      ],
      "dependencies": {
        "eslint": "^8.13.0",
        "eslint-config-standard": "17.0.0",
        "eslint-config-standard-jsx": "^11.0.0",
        "eslint-plugin-import": "^2.26.0",
        "eslint-plugin-n": "^15.1.0",
        "eslint-plugin-promise": "^6.0.0",
        "eslint-plugin-react": "^7.28.0",
        "standard-engine": "^15.0.0"
      },
      "bin": {
        "standard": "bin/cmd.js"
      },
      "engines": {
        "node": "^12.22.0 || ^14.17.0 || >=16.0.0"
      }
    }
  },
  "dependencies": {
    "jest": {
      "version": "29.3.1",
      "dev": true,
      "requires": {
        "@jest/core": "^29.3.1",
        "@jest/types": "^29.3.1",
        "import-local": "^3.0.2",
        "jest-cli": "^29.3.1"
      }
    },
    "standard": {
      "version": "17.0.0",
      "dev": true,
      "requires": {
        "eslint": "^8.13.0",
        "eslint-config-standard": "17.0.0",
        "eslint-config-standard-jsx": "^11.0.0",
        "eslint-plugin-import": "^2.26.0",
        "eslint-plugin-n": "^15.1.0",
        "eslint-plugin-promise": "^6.0.0",
        "eslint-plugin-react": "^7.28.0",
        "standard-engine": "^15.0.0"
      }
    }
  },
  "eslintConfig": {
    "extends": [
      "./node_modules/standard/eslintrc.json"
    ]
  },
  "scripts": {
    "test": "jest"
  }
}
